
Microsoft Visual Studio Solution File, Format Version 12.00
# Visual Studio Version 17
VisualStudioVersion = 17.5.33516.290
MinimumVisualStudioVersion = 10.0.40219.1
Project("{FAE04EC0-301F-11D3-BF4B-00C04F79EFBC}") = "ConsoleApp5", "ConsoleApp5\ConsoleApp5.csproj", "{A45AB97B-4AC2-4143-A2EB-BD3EA030D076}"
EndProject
Global
	GlobalSection(SolutionConfigurationPlatforms) = preSolution
		Debug|Any CPU = Debug|Any CPU
		Release|Any CPU = Release|Any CPU
	EndGlobalSection
	GlobalSection(ProjectConfigurationPlatforms) = postSolution
		{A45AB97B-4AC2-4143-A2EB-BD3EA030D076}.Debug|Any CPU.ActiveCfg = Debug|Any CPU
		{A45AB97B-4AC2-4143-A2EB-BD3EA030D076}.Debug|Any CPU.Build.0 = Debug|Any CPU
		{A45AB97B-4AC2-4143-A2EB-BD3EA030D076}.Release|Any CPU.ActiveCfg = Release|Any CPU
		{A45AB97B-4AC2-4143-A2EB-BD3EA030D076}.Release|Any CPU.Build.0 = Release|Any CPU
	EndGlobalSection
	GlobalSection(SolutionProperties) = preSolution
		HideSolutionNode = FALSE
	EndGlobalSection
	GlobalSection(ExtensibilityGlobals) = postSolution
		SolutionGuid = {0E7E825E-974E-4444-90C4-68ED3109263D}
	EndGlobalSection
EndGlobal
